
Microsoft Visual Studio Solution File, Format Version 12.00
# Visual Studio Version 17
VisualStudioVersion = 17.3.32825.248
MinimumVisualStudioVersion = 10.0.40219.1
Project("{9A19103F-16F7-4668-BE54-9A1E7A4F7556}") = "SimpleCompiler", "SimpleCompiler.csproj", "{F3A082D5-84A2-44E3-B303-5D57E2673B2E}"
EndProject
Global
	GlobalSection(SolutionConfigurationPlatforms) = preSolution
		Debug|x86 = Debug|x86
		Release|x86 = Release|x86
	EndGlobalSection
	GlobalSection(ProjectConfigurationPlatforms) = postSolution
		{F3A082D5-84A2-44E3-B303-5D57E2673B2E}.Debug|x86.ActiveCfg = Debug|Any CPU
		{F3A082D5-84A2-44E3-B303-5D57E2673B2E}.Debug|x86.Build.0 = Debug|Any CPU
		{F3A082D5-84A2-44E3-B303-5D57E2673B2E}.Release|x86.ActiveCfg = Release|x86
		{F3A082D5-84A2-44E3-B303-5D57E2673B2E}.Release|x86.Build.0 = Release|x86
	EndGlobalSection
	GlobalSection(SolutionProperties) = preSolution
		HideSolutionNode = FALSE
	EndGlobalSection
	GlobalSection(ExtensibilityGlobals) = postSolution
		SolutionGuid = {F77C6D00-6C18-4769-9FE5-2CF3CC162731}
	EndGlobalSection
EndGlobal
